
Microsoft Visual Studio Solution File, Format Version 12.00
# Visual Studio 15
Project("{FAE04EC0-301F-11D3-BF4B-00C04F79EFBC}") = "Assembly-CSharp", "Assembly-CSharp.csproj", "{8DF2FB2C-510A-50E0-0380-8E004D8406E9}"
EndProject
Project("{FAE04EC0-301F-11D3-BF4B-00C04F79EFBC}") = "Assembly-CSharp-firstpass", "Assembly-CSharp-firstpass.csproj", "{1B356D26-EB0A-7704-2F16-B6ABE81A723B}"
EndProject
Project("{FAE04EC0-301F-11D3-BF4B-00C04F79EFBC}") = "Assembly-CSharp-Editor-firstpass", "Assembly-CSharp-Editor-firstpass.csproj", "{FB5787E6-38DB-2284-9D01-5358D7A009E7}"
EndProject
Global
	GlobalSection(SolutionConfigurationPlatforms) = preSolution
		Debug|Any CPU = Debug|Any CPU
		Release|Any CPU = Release|Any CPU
	EndGlobalSection
	GlobalSection(ProjectConfigurationPlatforms) = postSolution
		{8DF2FB2C-510A-50E0-0380-8E004D8406E9}.Debug|Any CPU.ActiveCfg = Debug|Any CPU
		{8DF2FB2C-510A-50E0-0380-8E004D8406E9}.Debug|Any CPU.Build.0 = Debug|Any CPU
		{8DF2FB2C-510A-50E0-0380-8E004D8406E9}.Release|Any CPU.ActiveCfg = Release|Any CPU
		{8DF2FB2C-510A-50E0-0380-8E004D8406E9}.Release|Any CPU.Build.0 = Release|Any CPU
		{1B356D26-EB0A-7704-2F16-B6ABE81A723B}.Debug|Any CPU.ActiveCfg = Debug|Any CPU
		{1B356D26-EB0A-7704-2F16-B6ABE81A723B}.Debug|Any CPU.Build.0 = Debug|Any CPU
		{1B356D26-EB0A-7704-2F16-B6ABE81A723B}.Release|Any CPU.ActiveCfg = Release|Any CPU
		{1B356D26-EB0A-7704-2F16-B6ABE81A723B}.Release|Any CPU.Build.0 = Release|Any CPU
		{FB5787E6-38DB-2284-9D01-5358D7A009E7}.Debug|Any CPU.ActiveCfg = Debug|Any CPU
		{FB5787E6-38DB-2284-9D01-5358D7A009E7}.Debug|Any CPU.Build.0 = Debug|Any CPU
		{FB5787E6-38DB-2284-9D01-5358D7A009E7}.Release|Any CPU.ActiveCfg = Release|Any CPU
		{FB5787E6-38DB-2284-9D01-5358D7A009E7}.Release|Any CPU.Build.0 = Release|Any CPU
	EndGlobalSection
	GlobalSection(SolutionProperties) = preSolution
		HideSolutionNode = FALSE
	EndGlobalSection
EndGlobal
